PODS:
  - ARHomeScreenShortcuts (0.1.0):
    - GCDWebServer (~> 3.2)
  - GCDWebServer (3.2.4):
    - GCDWebServer/Core (= 3.2.4)
  - GCDWebServer/Core (3.2.4)

DEPENDENCIES:
  - ARHomeScreenShortcuts (from `../`)

EXTERNAL SOURCES:
  ARHomeScreenShortcuts:
    :path: ../

SPEC CHECKSUMS:
  ARHomeScreenShortcuts: b9fc70bf9b55fc8673775ae13120ebb2fa86ab75
  GCDWebServer: fcf45931c2fec08ec89939b12251b5be98c4aaa4

COCOAPODS: 0.35.0
