PODS:
  - ARHomeScreenShortcuts (0.1.0):
    - GCDWebServer (~> 3.2)
  - GCDWebServer (3.2.5):
    - GCDWebServer/Core (= 3.2.5)
  - GCDWebServer/Core (3.2.5)

DEPENDENCIES:
  - ARHomeScreenShortcuts (from `../`)

EXTERNAL SOURCES:
  ARHomeScreenShortcuts:
    :path: "../"

SPEC CHECKSUMS:
  ARHomeScreenShortcuts: ae63f497fb641eb3ae3594bb22ca4c50d92f82a9
  GCDWebServer: d0e1b23785e3dfd6c87601323d0f7cae059aab18

COCOAPODS: 0.38.2
