PODS:
  - ARHomeScreenShortcuts (0.1.0):
    - GCDWebServer (~> 3.2)
  - GCDWebServer (3.2.3):
    - GCDWebServer/Core (= 3.2.3)
  - GCDWebServer/Core (3.2.3)

DEPENDENCIES:
  - ARHomeScreenShortcuts (from `../`)

EXTERNAL SOURCES:
  ARHomeScreenShortcuts:
    :path: "../"

SPEC CHECKSUMS:
  ARHomeScreenShortcuts: 2874201f80aedb7cb4cceb6fdc99f7e56ca06f8a
  GCDWebServer: 0f68bdc06d035f285f2d1ef0ac35ed46be040a71

COCOAPODS: 0.37.1
